
Microsoft Visual Studio Solution File, Format Version 12.00
# Visual Studio Version 17
VisualStudioVersion = 17.3.32819.101
MinimumVisualStudioVersion = 10.0.40219.1
Project("{FAE04EC0-301F-11D3-BF4B-00C04F79EFBC}") = "Lab2-EnSimpelButik", "Lab2-EnSimpelButik\Lab2-EnSimpelButik.csproj", "{55178F0F-7AFE-42DB-BC2F-7A73FDBDC74B}"
EndProject
Global
	GlobalSection(SolutionConfigurationPlatforms) = preSolution
		Debug|Any CPU = Debug|Any CPU
		Release|Any CPU = Release|Any CPU
	EndGlobalSection
	GlobalSection(ProjectConfigurationPlatforms) = postSolution
		{55178F0F-7AFE-42DB-BC2F-7A73FDBDC74B}.Debug|Any CPU.ActiveCfg = Debug|Any CPU
		{55178F0F-7AFE-42DB-BC2F-7A73FDBDC74B}.Debug|Any CPU.Build.0 = Debug|Any CPU
		{55178F0F-7AFE-42DB-BC2F-7A73FDBDC74B}.Release|Any CPU.ActiveCfg = Release|Any CPU
		{55178F0F-7AFE-42DB-BC2F-7A73FDBDC74B}.Release|Any CPU.Build.0 = Release|Any CPU
	EndGlobalSection
	GlobalSection(SolutionProperties) = preSolution
		HideSolutionNode = FALSE
	EndGlobalSection
	GlobalSection(ExtensibilityGlobals) = postSolution
		SolutionGuid = {6DCE227A-60E4-4077-B80B-5D6AC609664F}
	EndGlobalSection
EndGlobal
